
Microsoft Visual Studio Solution File, Format Version 12.00
# Visual Studio Version 17
VisualStudioVersion = 17.9.34902.65
MinimumVisualStudioVersion = 10.0.40219.1
Project("{9A19103F-16F7-4668-BE54-9A1E7A4F7556}") = "WebApplication103434929-VT", "WebApplication103434929-VT.csproj", "{78725AA7-3B39-4B60-95AB-D3FAC355600C}"
EndProject
Project("{FAE04EC0-301F-11D3-BF4B-00C04F79EFBC}") = "TestProject", "..\TestProject\TestProject.csproj", "{1839D4F6-A1E1-4BA0-9C36-979593ABB9DE}"
EndProject
Global
	GlobalSection(SolutionConfigurationPlatforms) = preSolution
		Debug|Any CPU = Debug|Any CPU
		Release|Any CPU = Release|Any CPU
	EndGlobalSection
	GlobalSection(ProjectConfigurationPlatforms) = postSolution
		{78725AA7-3B39-4B60-95AB-D3FAC355600C}.Debug|Any CPU.ActiveCfg = Debug|Any CPU
		{78725AA7-3B39-4B60-95AB-D3FAC355600C}.Debug|Any CPU.Build.0 = Debug|Any CPU
		{78725AA7-3B39-4B60-95AB-D3FAC355600C}.Release|Any CPU.ActiveCfg = Release|Any CPU
		{78725AA7-3B39-4B60-95AB-D3FAC355600C}.Release|Any CPU.Build.0 = Release|Any CPU
		{1839D4F6-A1E1-4BA0-9C36-979593ABB9DE}.Debug|Any CPU.ActiveCfg = Debug|Any CPU
		{1839D4F6-A1E1-4BA0-9C36-979593ABB9DE}.Debug|Any CPU.Build.0 = Debug|Any CPU
		{1839D4F6-A1E1-4BA0-9C36-979593ABB9DE}.Release|Any CPU.ActiveCfg = Release|Any CPU
		{1839D4F6-A1E1-4BA0-9C36-979593ABB9DE}.Release|Any CPU.Build.0 = Release|Any CPU
	EndGlobalSection
	GlobalSection(SolutionProperties) = preSolution
		HideSolutionNode = FALSE
	EndGlobalSection
	GlobalSection(ExtensibilityGlobals) = postSolution
		SolutionGuid = {EAE7027E-AFFC-45A3-A91B-8C8A363FF6A3}
	EndGlobalSection
EndGlobal
